
Microsoft Visual Studio Solution File, Format Version 12.00
# Visual Studio 2013
VisualStudioVersion = 12.0.30110.0
MinimumVisualStudioVersion = 10.0.40219.1
Project("{54435603-DBB4-11D2-8724-00A0C9A8B90C}") = "RecordRatings", "RecordRatings\RecordRatings.vdproj", "{A2E3AD09-3F89-4FC5-9A88-E7797D43DF88}"
EndProject
Global
	GlobalSection(SolutionConfigurationPlatforms) = preSolution
		Debug|Default = Debug|Default
		Release|Default = Release|Default
	EndGlobalSection
	GlobalSection(ProjectConfigurationPlatforms) = postSolution
		{A2E3AD09-3F89-4FC5-9A88-E7797D43DF88}.Debug|Default.ActiveCfg = Debug
		{A2E3AD09-3F89-4FC5-9A88-E7797D43DF88}.Debug|Default.Build.0 = Debug
		{A2E3AD09-3F89-4FC5-9A88-E7797D43DF88}.Release|Default.ActiveCfg = Release
		{A2E3AD09-3F89-4FC5-9A88-E7797D43DF88}.Release|Default.Build.0 = Release
	EndGlobalSection
	GlobalSection(SolutionProperties) = preSolution
		HideSolutionNode = FALSE
	EndGlobalSection
EndGlobal
